// !$*UTF8*$!
{
	archiveVersion = 1;
	classes = {
	};
	objectVersion = 46;
	objects = {

/* Begin PBXBuildFile section */
		A306DF6A19AF8EED00DE7DC8 /* LGSwiftEngine.framework in Embed Frameworks */ = {isa = PBXBuildFile; fileRef = A315054B199958C6000B8842 /* LGSwiftEngine.framework */; settings = {ATTRIBUTES = (CodeSignOnCopy, RemoveHeadersOnCopy, ); }; };
		A30D91F119AFB8BC00EDEDEA /* LGRect.swift in Sources */ = {isa = PBXBuildFile; fileRef = A30D91F019AFB8BC00EDEDEA /* LGRect.swift */; };
		A315055F199958C7000B8842 /* LGSwiftEngine.framework in Frameworks */ = {isa = PBXBuildFile; fileRef = A315054B199958C6000B8842 /* LGSwiftEngine.framework */; };
		A315056A19995966000B8842 /* LGAnimation.swift in Sources */ = {isa = PBXBuildFile; fileRef = A340FF581998F448003E4809 /* LGAnimation.swift */; };
		A315056C19995966000B8842 /* LGSpriteKitScene.swift in Sources */ = {isa = PBXBuildFile; fileRef = A340FF5E1998FE36003E4809 /* LGSpriteKitScene.swift */; };
		A315056D19995966000B8842 /* LGSpriteSheet.swift in Sources */ = {isa = PBXBuildFile; fileRef = A33CADA5194360AF00AC8E27 /* LGSpriteSheet.swift */; };
		A315056E19995966000B8842 /* LGTile.swift in Sources */ = {isa = PBXBuildFile; fileRef = A3FE99C0195A790A00D6A781 /* LGTile.swift */; };
		A315056F19995966000B8842 /* LGTileLayer.swift in Sources */ = {isa = PBXBuildFile; fileRef = A32F0F2C1955D7680083CBF3 /* LGTileLayer.swift */; };
		A315057019995966000B8842 /* LGTileMap.swift in Sources */ = {isa = PBXBuildFile; fileRef = A3E735BC195618F700FA6025 /* LGTileMap.swift */; };
		A315057119995966000B8842 /* LGTMXObject.swift in Sources */ = {isa = PBXBuildFile; fileRef = A30CC71E198B03EF0013C7AC /* LGTMXObject.swift */; };
		A315057219995966000B8842 /* LGTMXParser.swift in Sources */ = {isa = PBXBuildFile; fileRef = A3FE99C2195A7B2F00D6A781 /* LGTMXParser.swift */; };
		A315057319995966000B8842 /* LGVector.swift in Sources */ = {isa = PBXBuildFile; fileRef = A32CF34F19741AB800B6C4D4 /* LGVector.swift */; };
		A315057419995966000B8842 /* LGAnimatable.swift in Sources */ = {isa = PBXBuildFile; fileRef = A340FF5A1998F457003E4809 /* LGAnimatable.swift */; };
		A315057519995966000B8842 /* LGCamera.swift in Sources */ = {isa = PBXBuildFile; fileRef = A30CC720198B03FB0013C7AC /* LGCamera.swift */; };
		A315057619995966000B8842 /* LGPosition.swift in Sources */ = {isa = PBXBuildFile; fileRef = A33CADA71943613200AC8E27 /* LGPosition.swift */; };
		A315057719995966000B8842 /* LGSprite.swift in Sources */ = {isa = PBXBuildFile; fileRef = A33CADA9194361C000AC8E27 /* LGSprite.swift */; };
		A315057819995966000B8842 /* LGPhysicsBody.swift in Sources */ = {isa = PBXBuildFile; fileRef = A33CADB11943630F00AC8E27 /* LGPhysicsBody.swift */; };
		A315057919995966000B8842 /* LGFollower.swift in Sources */ = {isa = PBXBuildFile; fileRef = A3882F67198D5085009C454F /* LGFollower.swift */; };
		A315057A19995966000B8842 /* LGRenderLayer.swift in Sources */ = {isa = PBXBuildFile; fileRef = A3FE99C4195A7E8A00D6A781 /* LGRenderLayer.swift */; };
		A315057B19995966000B8842 /* LGUpdatePhase.swift in Sources */ = {isa = PBXBuildFile; fileRef = A318A2D71941311B00B88B62 /* LGUpdatePhase.swift */; };
		A315057C19995966000B8842 /* LGAxis.swift in Sources */ = {isa = PBXBuildFile; fileRef = A32CF34D197417EA00B6C4D4 /* LGAxis.swift */; };
		A315057D19995966000B8842 /* LGEntityObserver.swift in Sources */ = {isa = PBXBuildFile; fileRef = A31CEC2E19554BF1004F0395 /* LGEntityObserver.swift */; };
		A315057E19995966000B8842 /* LGTouchObserver.swift in Sources */ = {isa = PBXBuildFile; fileRef = A326118D1986FD23000FBDF6 /* LGTouchObserver.swift */; };
		A315057F19995966000B8842 /* LGUpdatable.swift in Sources */ = {isa = PBXBuildFile; fileRef = A340FF601998FF43003E4809 /* LGUpdatable.swift */; };
		A315058019995966000B8842 /* LGAnimationSystem.swift in Sources */ = {isa = PBXBuildFile; fileRef = A340FF5C1998F469003E4809 /* LGAnimationSystem.swift */; };
		A315058119995966000B8842 /* LGCameraSystem.swift in Sources */ = {isa = PBXBuildFile; fileRef = A31C8114198C3D7000A7CE46 /* LGCameraSystem.swift */; };
		A315058219995966000B8842 /* LGPhysicsSystem.swift in Sources */ = {isa = PBXBuildFile; fileRef = A3542B9E196CBC8000ED00E8 /* LGPhysicsSystem.swift */; };
		A315058319995966000B8842 /* LGRenderingSystem.swift in Sources */ = {isa = PBXBuildFile; fileRef = A3A581CE19744A3200489EAC /* LGRenderingSystem.swift */; };
		A315058419995966000B8842 /* LGTileSystem.swift in Sources */ = {isa = PBXBuildFile; fileRef = A3981C9719511C5C0072E4A3 /* LGTileSystem.swift */; };
		A315058519995966000B8842 /* LGComponent.swift in Sources */ = {isa = PBXBuildFile; fileRef = A318A2CD19412F3400B88B62 /* LGComponent.swift */; };
		A315058619995966000B8842 /* LGEntity.swift in Sources */ = {isa = PBXBuildFile; fileRef = A318A2CF19412F4A00B88B62 /* LGEntity.swift */; };
		A315058719995966000B8842 /* LGEngine.swift in Sources */ = {isa = PBXBuildFile; fileRef = A318A2D11941303C00B88B62 /* LGEngine.swift */; };
		A315058819995966000B8842 /* LGScene.swift in Sources */ = {isa = PBXBuildFile; fileRef = A318A2D3194130DE00B88B62 /* LGScene.swift */; };
		A315058919995966000B8842 /* LGSystem.swift in Sources */ = {isa = PBXBuildFile; fileRef = A318A2D5194130FF00B88B62 /* LGSystem.swift */; };
		A315058A19995966000B8842 /* LGGame.swift in Sources */ = {isa = PBXBuildFile; fileRef = A340FF6619990571003E4809 /* LGGame.swift */; };
		A319FB9719B5118500DFD723 /* LGDeserializable.swift in Sources */ = {isa = PBXBuildFile; fileRef = A319FB9619B5118500DFD723 /* LGDeserializable.swift */; };
		A326119519870157000FBDF6 /* Player.swift in Sources */ = {isa = PBXBuildFile; fileRef = A326119419870157000FBDF6 /* Player.swift */; };
		A32611971987017E000FBDF6 /* PlayerInputSystem.swift in Sources */ = {isa = PBXBuildFile; fileRef = A32611961987017E000FBDF6 /* PlayerInputSystem.swift */; };
		A340FF631999037A003E4809 /* PlayerOutputSystem.swift in Sources */ = {isa = PBXBuildFile; fileRef = A340FF621999037A003E4809 /* PlayerOutputSystem.swift */; };
		A340FF6519990460003E4809 /* PlatformSystem.swift in Sources */ = {isa = PBXBuildFile; fileRef = A340FF6419990460003E4809 /* PlatformSystem.swift */; };
		A34A89261989FE5C007D82B6 /* Level.tmx in Resources */ = {isa = PBXBuildFile; fileRef = A34A89251989FE5C007D82B6 /* Level.tmx */; };
		A3B2AEA9193EBFE20097B3A7 /* AppDelegate.swift in Sources */ = {isa = PBXBuildFile; fileRef = A3B2AEA8193EBFE20097B3A7 /* AppDelegate.swift */; };
		A3B2AEAF193EBFE20097B3A7 /* PlatformerGame.swift in Sources */ = {isa = PBXBuildFile; fileRef = A3B2AEAE193EBFE20097B3A7 /* PlatformerGame.swift */; };
		A3B2AEB4193EBFE20097B3A7 /* Images.xcassets in Resources */ = {isa = PBXBuildFile; fileRef = A3B2AEB3193EBFE20097B3A7 /* Images.xcassets */; };
		A3EA911F19561EF100297EEB /* Tileset.png in Resources */ = {isa = PBXBuildFile; fileRef = A3EA911E19561EF100297EEB /* Tileset.png */; };
		A3EFA8171943FA2D00C85CF8 /* Player.png in Resources */ = {isa = PBXBuildFile; fileRef = A3EFA8161943FA2D00C85CF8 /* Player.png */; };
		A3F01F6319AE43FB00C4F505 /* LGSound.swift in Sources */ = {isa = PBXBuildFile; fileRef = A3F01F6119AE43FB00C4F505 /* LGSound.swift */; };
		A3F01F6619AE44E700C4F505 /* LGSoundSystem.swift in Sources */ = {isa = PBXBuildFile; fileRef = A3F01F6419AE44E700C4F505 /* LGSoundSystem.swift */; };
		A3F01F6A19AE471000C4F505 /* AVFoundation.framework in Frameworks */ = {isa = PBXBuildFile; fileRef = A3F01F6719AE46E100C4F505 /* AVFoundation.framework */; };
/* End PBXBuildFile section */

/* Begin PBXContainerItemProxy section */
		A315055D199958C7000B8842 /* PBXContainerItemProxy */ = {
			isa = PBXContainerItemProxy;
			containerPortal = A3B2AE9B193EBFE10097B3A7 /* Project object */;
			proxyType = 1;
			remoteGlobalIDString = A315054A199958C6000B8842;
			remoteInfo = LGSwiftEngine;
		};
		A3150561199958C7000B8842 /* PBXContainerItemProxy */ = {
			isa = PBXContainerItemProxy;
			containerPortal = A3B2AE9B193EBFE10097B3A7 /* Project object */;
			proxyType = 1;
			remoteGlobalIDString = A315054A199958C6000B8842;
			remoteInfo = LGSwiftEngine;
		};
/* End PBXContainerItemProxy section */

/* Begin PBXCopyFilesBuildPhase section */
		A3150566199958C7000B8842 /* Embed Frameworks */ = {
			isa = PBXCopyFilesBuildPhase;
			buildActionMask = 2147483647;
			dstPath = "";
			dstSubfolderSpec = 10;
			files = (
				A306DF6A19AF8EED00DE7DC8 /* LGSwiftEngine.framework in Embed Frameworks */,
			);
			name = "Embed Frameworks";
			runOnlyForDeploymentPostprocessing = 0;
		};
/* End PBXCopyFilesBuildPhase section */

/* Begin PBXFileReference section */
		A30CC71E198B03EF0013C7AC /* LGTMXObject.swift */ = {isa = PBXFileReference; fileEncoding = 4; lastKnownFileType = sourcecode.swift; name = LGTMXObject.swift; path = Classes/LGTMXObject.swift; sourceTree = "<group>"; };
		A30CC720198B03FB0013C7AC /* LGCamera.swift */ = {isa = PBXFileReference; fileEncoding = 4; lastKnownFileType = sourcecode.swift; name = LGCamera.swift; path = ../Enums/LGCamera.swift; sourceTree = "<group>"; };
		A30D91F019AFB8BC00EDEDEA /* LGRect.swift */ = {isa = PBXFileReference; fileEncoding = 4; lastKnownFileType = sourcecode.swift; name = LGRect.swift; path = Classes/LGRect.swift; sourceTree = "<group>"; };
		A315054B199958C6000B8842 /* LGSwiftEngine.framework */ = {isa = PBXFileReference; explicitFileType = wrapper.framework; includeInIndex = 0; path = LGSwiftEngine.framework; sourceTree = BUILT_PRODUCTS_DIR; };
		A315054E199958C6000B8842 /* Info.plist */ = {isa = PBXFileReference; lastKnownFileType = text.plist; name = Info.plist; path = "swift-engine/Engine/Info.plist"; sourceTree = "<group>"; };
		A318A2CD19412F3400B88B62 /* LGComponent.swift */ = {isa = PBXFileReference; fileEncoding = 4; lastKnownFileType = sourcecode.swift; path = LGComponent.swift; sourceTree = "<group>"; };
		A318A2CF19412F4A00B88B62 /* LGEntity.swift */ = {isa = PBXFileReference; fileEncoding = 4; lastKnownFileType = sourcecode.swift; path = LGEntity.swift; sourceTree = "<group>"; };
		A318A2D11941303C00B88B62 /* LGEngine.swift */ = {isa = PBXFileReference; fileEncoding = 4; lastKnownFileType = sourcecode.swift; path = LGEngine.swift; sourceTree = "<group>"; };
		A318A2D3194130DE00B88B62 /* LGScene.swift */ = {isa = PBXFileReference; fileEncoding = 4; lastKnownFileType = sourcecode.swift; path = LGScene.swift; sourceTree = "<group>"; };
		A318A2D5194130FF00B88B62 /* LGSystem.swift */ = {isa = PBXFileReference; fileEncoding = 4; lastKnownFileType = sourcecode.swift; path = LGSystem.swift; sourceTree = "<group>"; };
		A318A2D71941311B00B88B62 /* LGUpdatePhase.swift */ = {isa = PBXFileReference; fileEncoding = 4; lastKnownFileType = sourcecode.swift; path = LGUpdatePhase.swift; sourceTree = "<group>"; };
		A319FB9619B5118500DFD723 /* LGDeserializable.swift */ = {isa = PBXFileReference; fileEncoding = 4; lastKnownFileType = sourcecode.swift; path = LGDeserializable.swift; sourceTree = "<group>"; };
		A31C8114198C3D7000A7CE46 /* LGCameraSystem.swift */ = {isa = PBXFileReference; fileEncoding = 4; lastKnownFileType = sourcecode.swift; path = LGCameraSystem.swift; sourceTree = "<group>"; };
		A31CEC2E19554BF1004F0395 /* LGEntityObserver.swift */ = {isa = PBXFileReference; fileEncoding = 4; lastKnownFileType = sourcecode.swift; path = LGEntityObserver.swift; sourceTree = "<group>"; };
		A326118D1986FD23000FBDF6 /* LGTouchObserver.swift */ = {isa = PBXFileReference; fileEncoding = 4; lastKnownFileType = sourcecode.swift; path = LGTouchObserver.swift; sourceTree = "<group>"; };
		A326119419870157000FBDF6 /* Player.swift */ = {isa = PBXFileReference; fileEncoding = 4; lastKnownFileType = sourcecode.swift; path = Player.swift; sourceTree = "<group>"; };
		A32611961987017E000FBDF6 /* PlayerInputSystem.swift */ = {isa = PBXFileReference; fileEncoding = 4; lastKnownFileType = sourcecode.swift; path = PlayerInputSystem.swift; sourceTree = "<group>"; };
		A32CF34D197417EA00B6C4D4 /* LGAxis.swift */ = {isa = PBXFileReference; fileEncoding = 4; lastKnownFileType = sourcecode.swift; path = LGAxis.swift; sourceTree = "<group>"; };
		A32CF34F19741AB800B6C4D4 /* LGVector.swift */ = {isa = PBXFileReference; fileEncoding = 4; lastKnownFileType = sourcecode.swift; name = LGVector.swift; path = Classes/LGVector.swift; sourceTree = "<group>"; };
		A32F0F2C1955D7680083CBF3 /* LGTileLayer.swift */ = {isa = PBXFileReference; fileEncoding = 4; lastKnownFileType = sourcecode.swift; name = LGTileLayer.swift; path = Classes/LGTileLayer.swift; sourceTree = "<group>"; };
		A33CADA5194360AF00AC8E27 /* LGSpriteSheet.swift */ = {isa = PBXFileReference; fileEncoding = 4; lastKnownFileType = sourcecode.swift; name = LGSpriteSheet.swift; path = Classes/LGSpriteSheet.swift; sourceTree = "<group>"; };
		A33CADA71943613200AC8E27 /* LGPosition.swift */ = {isa = PBXFileReference; fileEncoding = 4; lastKnownFileType = sourcecode.swift; path = LGPosition.swift; sourceTree = "<group>"; };
		A33CADA9194361C000AC8E27 /* LGSprite.swift */ = {isa = PBXFileReference; fileEncoding = 4; lastKnownFileType = sourcecode.swift; path = LGSprite.swift; sourceTree = "<group>"; };
		A33CADB11943630F00AC8E27 /* LGPhysicsBody.swift */ = {isa = PBXFileReference; fileEncoding = 4; lastKnownFileType = sourcecode.swift; path = LGPhysicsBody.swift; sourceTree = "<group>"; };
		A340FF581998F448003E4809 /* LGAnimation.swift */ = {isa = PBXFileReference; fileEncoding = 4; lastKnownFileType = sourcecode.swift; name = LGAnimation.swift; path = Classes/LGAnimation.swift; sourceTree = "<group>"; };
		A340FF5A1998F457003E4809 /* LGAnimatable.swift */ = {isa = PBXFileReference; fileEncoding = 4; lastKnownFileType = sourcecode.swift; path = LGAnimatable.swift; sourceTree = "<group>"; };
		A340FF5C1998F469003E4809 /* LGAnimationSystem.swift */ = {isa = PBXFileReference; fileEncoding = 4; lastKnownFileType = sourcecode.swift; path = LGAnimationSystem.swift; sourceTree = "<group>"; };
		A340FF5E1998FE36003E4809 /* LGSpriteKitScene.swift */ = {isa = PBXFileReference; fileEncoding = 4; lastKnownFileType = sourcecode.swift; name = LGSpriteKitScene.swift; path = Classes/LGSpriteKitScene.swift; sourceTree = "<group>"; };
		A340FF601998FF43003E4809 /* LGUpdatable.swift */ = {isa = PBXFileReference; fileEncoding = 4; lastKnownFileType = sourcecode.swift; path = LGUpdatable.swift; sourceTree = "<group>"; };
		A340FF621999037A003E4809 /* PlayerOutputSystem.swift */ = {isa = PBXFileReference; fileEncoding = 4; lastKnownFileType = sourcecode.swift; path = PlayerOutputSystem.swift; sourceTree = "<group>"; };
		A340FF6419990460003E4809 /* PlatformSystem.swift */ = {isa = PBXFileReference; fileEncoding = 4; lastKnownFileType = sourcecode.swift; path = PlatformSystem.swift; sourceTree = "<group>"; };
		A340FF6619990571003E4809 /* LGGame.swift */ = {isa = PBXFileReference; fileEncoding = 4; lastKnownFileType = sourcecode.swift; path = LGGame.swift; sourceTree = "<group>"; };
		A34A89251989FE5C007D82B6 /* Level.tmx */ = {isa = PBXFileReference; fileEncoding = 4; lastKnownFileType = text.xml; name = Level.tmx; path = Game/Resources/Level.tmx; sourceTree = "<group>"; };
		A3542B9E196CBC8000ED00E8 /* LGPhysicsSystem.swift */ = {isa = PBXFileReference; fileEncoding = 4; lastKnownFileType = sourcecode.swift; path = LGPhysicsSystem.swift; sourceTree = "<group>"; };
		A3870DE7196AE566000B4352 /* Bridging-Header.h */ = {isa = PBXFileReference; lastKnownFileType = sourcecode.c.h; name = "Bridging-Header.h"; path = "Game/Bridging-Header.h"; sourceTree = "<group>"; };
		A3882F67198D5085009C454F /* LGFollower.swift */ = {isa = PBXFileReference; fileEncoding = 4; lastKnownFileType = sourcecode.swift; path = LGFollower.swift; sourceTree = "<group>"; };
		A3981C9719511C5C0072E4A3 /* LGTileSystem.swift */ = {isa = PBXFileReference; fileEncoding = 4; lastKnownFileType = sourcecode.swift; path = LGTileSystem.swift; sourceTree = "<group>"; };
		A3A581CE19744A3200489EAC /* LGRenderingSystem.swift */ = {isa = PBXFileReference; fileEncoding = 4; lastKnownFileType = sourcecode.swift; path = LGRenderingSystem.swift; sourceTree = "<group>"; };
		A3B2AEA3193EBFE20097B3A7 /* swift-engine.app */ = {isa = PBXFileReference; explicitFileType = wrapper.application; includeInIndex = 0; path = "swift-engine.app"; sourceTree = BUILT_PRODUCTS_DIR; };
		A3B2AEA7193EBFE20097B3A7 /* Info.plist */ = {isa = PBXFileReference; lastKnownFileType = text.plist.xml; name = Info.plist; path = Game/Info.plist; sourceTree = "<group>"; };
		A3B2AEA8193EBFE20097B3A7 /* AppDelegate.swift */ = {isa = PBXFileReference; lastKnownFileType = sourcecode.swift; name = AppDelegate.swift; path = Game/AppDelegate.swift; sourceTree = "<group>"; };
		A3B2AEAE193EBFE20097B3A7 /* PlatformerGame.swift */ = {isa = PBXFileReference; lastKnownFileType = sourcecode.swift; name = PlatformerGame.swift; path = Game/PlatformerGame.swift; sourceTree = "<group>"; };
		A3B2AEB3193EBFE20097B3A7 /* Images.xcassets */ = {isa = PBXFileReference; lastKnownFileType = folder.assetcatalog; name = Images.xcassets; path = Game/Resources/Images.xcassets; sourceTree = "<group>"; };
		A3CE1B2B1991E96400DF19A8 /* LICENSE */ = {isa = PBXFileReference; lastKnownFileType = text; path = LICENSE; sourceTree = "<group>"; };
		A3E735BC195618F700FA6025 /* LGTileMap.swift */ = {isa = PBXFileReference; fileEncoding = 4; lastKnownFileType = sourcecode.swift; name = LGTileMap.swift; path = Classes/LGTileMap.swift; sourceTree = "<group>"; };
		A3EA911E19561EF100297EEB /* Tileset.png */ = {isa = PBXFileReference; lastKnownFileType = image.png; name = Tileset.png; path = Game/Resources/Tileset.png; sourceTree = "<group>"; };
		A3EFA8161943FA2D00C85CF8 /* Player.png */ = {isa = PBXFileReference; lastKnownFileType = image.png; name = Player.png; path = Game/Resources/Player.png; sourceTree = "<group>"; };
		A3EFA81819441B6F00C85CF8 /* README.md */ = {isa = PBXFileReference; fileEncoding = 4; lastKnownFileType = net.daringfireball.markdown; path = README.md; sourceTree = SOURCE_ROOT; };
		A3F01F6119AE43FB00C4F505 /* LGSound.swift */ = {isa = PBXFileReference; fileEncoding = 4; lastKnownFileType = sourcecode.swift; path = LGSound.swift; sourceTree = "<group>"; };
		A3F01F6419AE44E700C4F505 /* LGSoundSystem.swift */ = {isa = PBXFileReference; fileEncoding = 4; lastKnownFileType = sourcecode.swift; path = LGSoundSystem.swift; sourceTree = "<group>"; };
		A3F01F6719AE46E100C4F505 /* AVFoundation.framework */ = {isa = PBXFileReference; lastKnownFileType = wrapper.framework; name = AVFoundation.framework; path = System/Library/Frameworks/AVFoundation.framework; sourceTree = SDKROOT; };
		A3FE99C0195A790A00D6A781 /* LGTile.swift */ = {isa = PBXFileReference; fileEncoding = 4; lastKnownFileType = sourcecode.swift; name = LGTile.swift; path = Classes/LGTile.swift; sourceTree = "<group>"; };
		A3FE99C2195A7B2F00D6A781 /* LGTMXParser.swift */ = {isa = PBXFileReference; fileEncoding = 4; lastKnownFileType = sourcecode.swift; name = LGTMXParser.swift; path = Classes/LGTMXParser.swift; sourceTree = "<group>"; };
		A3FE99C4195A7E8A00D6A781 /* LGRenderLayer.swift */ = {isa = PBXFileReference; fileEncoding = 4; lastKnownFileType = sourcecode.swift; path = LGRenderLayer.swift; sourceTree = "<group>"; };
/* End PBXFileReference section */

/* Begin PBXFrameworksBuildPhase section */
		A3150547199958C6000B8842 /* Frameworks */ = {
			isa = PBXFrameworksBuildPhase;
			buildActionMask = 2147483647;
			files = (
				A3F01F6A19AE471000C4F505 /* AVFoundation.framework in Frameworks */,
			);
			runOnlyForDeploymentPostprocessing = 0;
		};
		A3B2AEA0193EBFE10097B3A7 /* Frameworks */ = {
			isa = PBXFrameworksBuildPhase;
			buildActionMask = 2147483647;
			files = (
				A315055F199958C7000B8842 /* LGSwiftEngine.framework in Frameworks */,
			);
			runOnlyForDeploymentPostprocessing = 0;
		};
/* End PBXFrameworksBuildPhase section */

/* Begin PBXGroup section */
		A315054D199958C6000B8842 /* Supporting Files */ = {
			isa = PBXGroup;
			children = (
				A315054E199958C6000B8842 /* Info.plist */,
			);
			name = "Supporting Files";
			path = ../../LGSwiftEngine;
			sourceTree = "<group>";
		};
		A318A2C919412F2800B88B62 /* Engine */ = {
			isa = PBXGroup;
			children = (
				A33CADA41943609D00AC8E27 /* Classes */,
				A318A2CA19412F2800B88B62 /* Components */,
				A318A2CB19412F2800B88B62 /* Enums */,
				A31CEC2D19554BD9004F0395 /* Protocols */,
				A318A2CC19412F2800B88B62 /* Systems */,
				A315054D199958C6000B8842 /* Supporting Files */,
				A318A2CD19412F3400B88B62 /* LGComponent.swift */,
				A318A2CF19412F4A00B88B62 /* LGEntity.swift */,
				A318A2D11941303C00B88B62 /* LGEngine.swift */,
				A318A2D3194130DE00B88B62 /* LGScene.swift */,
				A318A2D5194130FF00B88B62 /* LGSystem.swift */,
				A340FF6619990571003E4809 /* LGGame.swift */,
			);
			path = Engine;
			sourceTree = "<group>";
		};
		A318A2CA19412F2800B88B62 /* Components */ = {
			isa = PBXGroup;
			children = (
				A340FF5A1998F457003E4809 /* LGAnimatable.swift */,
				A30CC720198B03FB0013C7AC /* LGCamera.swift */,
				A33CADA71943613200AC8E27 /* LGPosition.swift */,
				A33CADA9194361C000AC8E27 /* LGSprite.swift */,
				A33CADB11943630F00AC8E27 /* LGPhysicsBody.swift */,
				A3882F67198D5085009C454F /* LGFollower.swift */,
				A3F01F6119AE43FB00C4F505 /* LGSound.swift */,
			);
			path = Components;
			sourceTree = "<group>";
		};
		A318A2CB19412F2800B88B62 /* Enums */ = {
			isa = PBXGroup;
			children = (
				A3FE99C4195A7E8A00D6A781 /* LGRenderLayer.swift */,
				A318A2D71941311B00B88B62 /* LGUpdatePhase.swift */,
				A32CF34D197417EA00B6C4D4 /* LGAxis.swift */,
			);
			path = Enums;
			sourceTree = "<group>";
		};
		A318A2CC19412F2800B88B62 /* Systems */ = {
			isa = PBXGroup;
			children = (
				A340FF5C1998F469003E4809 /* LGAnimationSystem.swift */,
				A31C8114198C3D7000A7CE46 /* LGCameraSystem.swift */,
				A3542B9E196CBC8000ED00E8 /* LGPhysicsSystem.swift */,
				A3A581CE19744A3200489EAC /* LGRenderingSystem.swift */,
				A3981C9719511C5C0072E4A3 /* LGTileSystem.swift */,
				A3F01F6419AE44E700C4F505 /* LGSoundSystem.swift */,
			);
			path = Systems;
			sourceTree = "<group>";
		};
		A31CEC2D19554BD9004F0395 /* Protocols */ = {
			isa = PBXGroup;
			children = (
				A319FB9619B5118500DFD723 /* LGDeserializable.swift */,
				A31CEC2E19554BF1004F0395 /* LGEntityObserver.swift */,
				A326118D1986FD23000FBDF6 /* LGTouchObserver.swift */,
				A340FF601998FF43003E4809 /* LGUpdatable.swift */,
			);
			path = Protocols;
			sourceTree = "<group>";
		};
		A326119219870131000FBDF6 /* Components */ = {
			isa = PBXGroup;
			children = (
				A326119419870157000FBDF6 /* Player.swift */,
			);
			name = Components;
			path = Game/Components;
			sourceTree = "<group>";
		};
		A326119319870139000FBDF6 /* Systems */ = {
			isa = PBXGroup;
			children = (
				A340FF6419990460003E4809 /* PlatformSystem.swift */,
				A32611961987017E000FBDF6 /* PlayerInputSystem.swift */,
				A340FF621999037A003E4809 /* PlayerOutputSystem.swift */,
			);
			name = Systems;
			path = Game/Systems;
			sourceTree = "<group>";
		};
		A33CADA41943609D00AC8E27 /* Classes */ = {
			isa = PBXGroup;
			children = (
				A340FF581998F448003E4809 /* LGAnimation.swift */,
				A340FF5E1998FE36003E4809 /* LGSpriteKitScene.swift */,
				A33CADA5194360AF00AC8E27 /* LGSpriteSheet.swift */,
				A3FE99C0195A790A00D6A781 /* LGTile.swift */,
				A32F0F2C1955D7680083CBF3 /* LGTileLayer.swift */,
				A3E735BC195618F700FA6025 /* LGTileMap.swift */,
				A30CC71E198B03EF0013C7AC /* LGTMXObject.swift */,
				A3FE99C2195A7B2F00D6A781 /* LGTMXParser.swift */,
				A32CF34F19741AB800B6C4D4 /* LGVector.swift */,
				A30D91F019AFB8BC00EDEDEA /* LGRect.swift */,
			);
			name = Classes;
			sourceTree = "<group>";
		};
		A3B2AE9A193EBFE10097B3A7 = {
			isa = PBXGroup;
			children = (
				A3EFA81819441B6F00C85CF8 /* README.md */,
				A3CE1B2B1991E96400DF19A8 /* LICENSE */,
				A3B2AEA5193EBFE20097B3A7 /* swift-engine */,
				A3F01F6919AE470000C4F505 /* Frameworks */,
				A3B2AEA4193EBFE20097B3A7 /* Products */,
			);
			sourceTree = "<group>";
		};
		A3B2AEA4193EBFE20097B3A7 /* Products */ = {
			isa = PBXGroup;
			children = (
				A3B2AEA3193EBFE20097B3A7 /* swift-engine.app */,
				A315054B199958C6000B8842 /* LGSwiftEngine.framework */,
			);
			name = Products;
			sourceTree = "<group>";
		};
		A3B2AEA5193EBFE20097B3A7 /* swift-engine */ = {
			isa = PBXGroup;
			children = (
				A318A2C919412F2800B88B62 /* Engine */,
				A3EFA8141943F9B100C85CF8 /* Game */,
			);
			path = "swift-engine";
			sourceTree = "<group>";
		};
		A3B2AEA6193EBFE20097B3A7 /* Supporting Files */ = {
			isa = PBXGroup;
			children = (
				A3B2AEA7193EBFE20097B3A7 /* Info.plist */,
				A3870DE7196AE566000B4352 /* Bridging-Header.h */,
			);
			name = "Supporting Files";
			sourceTree = "<group>";
		};
		A3EFA8141943F9B100C85CF8 /* Game */ = {
			isa = PBXGroup;
			children = (
				A3B2AEA8193EBFE20097B3A7 /* AppDelegate.swift */,
				A3B2AEAE193EBFE20097B3A7 /* PlatformerGame.swift */,
				A326119219870131000FBDF6 /* Components */,
				A326119319870139000FBDF6 /* Systems */,
				A3EFA8151943F9F000C85CF8 /* Resources */,
				A3B2AEA6193EBFE20097B3A7 /* Supporting Files */,
			);
			name = Game;
			sourceTree = "<group>";
		};
		A3EFA8151943F9F000C85CF8 /* Resources */ = {
			isa = PBXGroup;
			children = (
				A3B2AEB3193EBFE20097B3A7 /* Images.xcassets */,
				A34A89251989FE5C007D82B6 /* Level.tmx */,
				A3EA911E19561EF100297EEB /* Tileset.png */,
				A3EFA8161943FA2D00C85CF8 /* Player.png */,
			);
			name = Resources;
			sourceTree = "<group>";
		};
		A3F01F6919AE470000C4F505 /* Frameworks */ = {
			isa = PBXGroup;
			children = (
				A3F01F6719AE46E100C4F505 /* AVFoundation.framework */,
			);
			name = Frameworks;
			sourceTree = "<group>";
		};
/* End PBXGroup section */

/* Begin PBXHeadersBuildPhase section */
		A3150548199958C6000B8842 /* Headers */ = {
			isa = PBXHeadersBuildPhase;
			buildActionMask = 2147483647;
			files = (
			);
			runOnlyForDeploymentPostprocessing = 0;
		};
/* End PBXHeadersBuildPhase section */

/* Begin PBXNativeTarget section */
		A315054A199958C6000B8842 /* LGSwiftEngine */ = {
			isa = PBXNativeTarget;
			buildConfigurationList = A3150563199958C7000B8842 /* Build configuration list for PBXNativeTarget "LGSwiftEngine" */;
			buildPhases = (
				A3150546199958C6000B8842 /* Sources */,
				A3150547199958C6000B8842 /* Frameworks */,
				A3150548199958C6000B8842 /* Headers */,
				A3150549199958C6000B8842 /* Resources */,
			);
			buildRules = (
			);
			dependencies = (
			);
			name = LGSwiftEngine;
			productName = LGSwiftEngine;
			productReference = A315054B199958C6000B8842 /* LGSwiftEngine.framework */;
			productType = "com.apple.product-type.framework";
		};
		A3B2AEA2193EBFE10097B3A7 /* swift-engine */ = {
			isa = PBXNativeTarget;
			buildConfigurationList = A3B2AEC3193EBFE20097B3A7 /* Build configuration list for PBXNativeTarget "swift-engine" */;
			buildPhases = (
				A3B2AE9F193EBFE10097B3A7 /* Sources */,
				A3B2AEA0193EBFE10097B3A7 /* Frameworks */,
				A3B2AEA1193EBFE10097B3A7 /* Resources */,
				A3150566199958C7000B8842 /* Embed Frameworks */,
			);
			buildRules = (
			);
			dependencies = (
				A315055E199958C7000B8842 /* PBXTargetDependency */,
				A3150562199958C7000B8842 /* PBXTargetDependency */,
			);
			name = "swift-engine";
			productName = "swift-engine";
			productReference = A3B2AEA3193EBFE20097B3A7 /* swift-engine.app */;
			productType = "com.apple.product-type.application";
		};
/* End PBXNativeTarget section */

/* Begin PBXProject section */
		A3B2AE9B193EBFE10097B3A7 /* Project object */ = {
			isa = PBXProject;
			attributes = {
				LastUpgradeCheck = 0600;
				ORGANIZATIONNAME = "Luke Godfrey";
				TargetAttributes = {
					A315054A199958C6000B8842 = {
						CreatedOnToolsVersion = 6.0;
						DevelopmentTeam = FUJL25JX4T;
					};
					A3B2AEA2193EBFE10097B3A7 = {
						CreatedOnToolsVersion = 6.0;
						DevelopmentTeam = FUJL25JX4T;
					};
				};
			};
			buildConfigurationList = A3B2AE9E193EBFE10097B3A7 /* Build configuration list for PBXProject "swift-engine" */;
			compatibilityVersion = "Xcode 3.2";
			developmentRegion = English;
			hasScannedForEncodings = 0;
			knownRegions = (
				en,
				Base,
			);
			mainGroup = A3B2AE9A193EBFE10097B3A7;
			productRefGroup = A3B2AEA4193EBFE20097B3A7 /* Products */;
			projectDirPath = "";
			projectRoot = "";
			targets = (
				A3B2AEA2193EBFE10097B3A7 /* swift-engine */,
				A315054A199958C6000B8842 /* LGSwiftEngine */,
			);
		};
/* End PBXProject section */

/* Begin PBXResourcesBuildPhase section */
		A3150549199958C6000B8842 /* Resources */ = {
			isa = PBXResourcesBuildPhase;
			buildActionMask = 2147483647;
			files = (
			);
			runOnlyForDeploymentPostprocessing = 0;
		};
		A3B2AEA1193EBFE10097B3A7 /* Resources */ = {
			isa = PBXResourcesBuildPhase;
			buildActionMask = 2147483647;
			files = (
				A34A89261989FE5C007D82B6 /* Level.tmx in Resources */,
				A3EA911F19561EF100297EEB /* Tileset.png in Resources */,
				A3B2AEB4193EBFE20097B3A7 /* Images.xcassets in Resources */,
				A3EFA8171943FA2D00C85CF8 /* Player.png in Resources */,
			);
			runOnlyForDeploymentPostprocessing = 0;
		};
/* End PBXResourcesBuildPhase section */

/* Begin PBXSourcesBuildPhase section */
		A3150546199958C6000B8842 /* Sources */ = {
			isa = PBXSourcesBuildPhase;
			buildActionMask = 2147483647;
			files = (
				A3F01F6319AE43FB00C4F505 /* LGSound.swift in Sources */,
				A315058019995966000B8842 /* LGAnimationSystem.swift in Sources */,
				A315058919995966000B8842 /* LGSystem.swift in Sources */,
				A3F01F6619AE44E700C4F505 /* LGSoundSystem.swift in Sources */,
				A315056A19995966000B8842 /* LGAnimation.swift in Sources */,
				A315057E19995966000B8842 /* LGTouchObserver.swift in Sources */,
				A315056D19995966000B8842 /* LGSpriteSheet.swift in Sources */,
				A315057A19995966000B8842 /* LGRenderLayer.swift in Sources */,
				A315057219995966000B8842 /* LGTMXParser.swift in Sources */,
				A315057719995966000B8842 /* LGSprite.swift in Sources */,
				A315056F19995966000B8842 /* LGTileLayer.swift in Sources */,
				A315058119995966000B8842 /* LGCameraSystem.swift in Sources */,
				A319FB9719B5118500DFD723 /* LGDeserializable.swift in Sources */,
				A315057419995966000B8842 /* LGAnimatable.swift in Sources */,
				A315057519995966000B8842 /* LGCamera.swift in Sources */,
				A30D91F119AFB8BC00EDEDEA /* LGRect.swift in Sources */,
				A315056C19995966000B8842 /* LGSpriteKitScene.swift in Sources */,
				A315058619995966000B8842 /* LGEntity.swift in Sources */,
				A315058319995966000B8842 /* LGRenderingSystem.swift in Sources */,
				A315057919995966000B8842 /* LGFollower.swift in Sources */,
				A315057819995966000B8842 /* LGPhysicsBody.swift in Sources */,
				A315058419995966000B8842 /* LGTileSystem.swift in Sources */,
				A315057319995966000B8842 /* LGVector.swift in Sources */,
				A315058A19995966000B8842 /* LGGame.swift in Sources */,
				A315056E19995966000B8842 /* LGTile.swift in Sources */,
				A315058219995966000B8842 /* LGPhysicsSystem.swift in Sources */,
				A315057C19995966000B8842 /* LGAxis.swift in Sources */,
				A315058719995966000B8842 /* LGEngine.swift in Sources */,
				A315057619995966000B8842 /* LGPosition.swift in Sources */,
				A315058819995966000B8842 /* LGScene.swift in Sources */,
				A315057019995966000B8842 /* LGTileMap.swift in Sources */,
				A315057D19995966000B8842 /* LGEntityObserver.swift in Sources */,
				A315057119995966000B8842 /* LGTMXObject.swift in Sources */,
				A315057B19995966000B8842 /* LGUpdatePhase.swift in Sources */,
				A315058519995966000B8842 /* LGComponent.swift in Sources */,
				A315057F19995966000B8842 /* LGUpdatable.swift in Sources */,
			);
			runOnlyForDeploymentPostprocessing = 0;
		};
		A3B2AE9F193EBFE10097B3A7 /* Sources */ = {
			isa = PBXSourcesBuildPhase;
			buildActionMask = 2147483647;
			files = (
				A340FF631999037A003E4809 /* PlayerOutputSystem.swift in Sources */,
				A3B2AEAF193EBFE20097B3A7 /* PlatformerGame.swift in Sources */,
				A340FF6519990460003E4809 /* PlatformSystem.swift in Sources */,
				A32611971987017E000FBDF6 /* PlayerInputSystem.swift in Sources */,
				A3B2AEA9193EBFE20097B3A7 /* AppDelegate.swift in Sources */,
				A326119519870157000FBDF6 /* Player.swift in Sources */,
			);
			runOnlyForDeploymentPostprocessing = 0;
		};
/* End PBXSourcesBuildPhase section */

/* Begin PBXTargetDependency section */
		A315055E199958C7000B8842 /* PBXTargetDependency */ = {
			isa = PBXTargetDependency;
			target = A315054A199958C6000B8842 /* LGSwiftEngine */;
			targetProxy = A315055D199958C7000B8842 /* PBXContainerItemProxy */;
		};
		A3150562199958C7000B8842 /* PBXTargetDependency */ = {
			isa = PBXTargetDependency;
			target = A315054A199958C6000B8842 /* LGSwiftEngine */;
			targetProxy = A3150561199958C7000B8842 /* PBXContainerItemProxy */;
		};
/* End PBXTargetDependency section */

/* Begin XCBuildConfiguration section */
		A3150564199958C7000B8842 /* Debug */ = {
			isa = XCBuildConfiguration;
			buildSettings = {
				CODE_SIGN_IDENTITY = "iPhone Developer";
				CURRENT_PROJECT_VERSION = 1;
				DEFINES_MODULE = YES;
				DYLIB_COMPATIBILITY_VERSION = 1;
				DYLIB_CURRENT_VERSION = 1;
				DYLIB_INSTALL_NAME_BASE = "@rpath";
				EMBEDDED_CONTENT_CONTAINS_SWIFT = NO;
				GCC_PREPROCESSOR_DEFINITIONS = (
					"DEBUG=1",
					"$(inherited)",
				);
				INFOPLIST_FILE = "swift-engine/Engine/Info.plist";
				INSTALL_PATH = "$(LOCAL_LIBRARY_DIR)/Frameworks";
				LD_DYLIB_INSTALL_NAME = "$(DYLIB_INSTALL_NAME_BASE:standardizepath)/$(EXECUTABLE_PATH)";
				LD_RUNPATH_SEARCH_PATHS = "$(inherited) @executable_path/Frameworks @loader_path/Frameworks";
				MTL_ENABLE_DEBUG_INFO = YES;
				PRODUCT_NAME = "$(TARGET_NAME)";
				SKIP_INSTALL = YES;
				SWIFT_OPTIMIZATION_LEVEL = "-Ounchecked";
				VERSIONING_SYSTEM = "apple-generic";
				VERSION_INFO_PREFIX = "";
			};
			name = Debug;
		};
		A3150565199958C7000B8842 /* Release */ = {
			isa = XCBuildConfiguration;
			buildSettings = {
				CODE_SIGN_IDENTITY = "iPhone Developer";
				CURRENT_PROJECT_VERSION = 1;
				DEFINES_MODULE = YES;
				DYLIB_COMPATIBILITY_VERSION = 1;
				DYLIB_CURRENT_VERSION = 1;
				DYLIB_INSTALL_NAME_BASE = "@rpath";
				EMBEDDED_CONTENT_CONTAINS_SWIFT = NO;
				INFOPLIST_FILE = "swift-engine/Engine/Info.plist";
				INSTALL_PATH = "$(LOCAL_LIBRARY_DIR)/Frameworks";
				LD_DYLIB_INSTALL_NAME = "$(DYLIB_INSTALL_NAME_BASE:standardizepath)/$(EXECUTABLE_PATH)";
				LD_RUNPATH_SEARCH_PATHS = "$(inherited) @executable_path/Frameworks @loader_path/Frameworks";
				MTL_ENABLE_DEBUG_INFO = NO;
				PRODUCT_NAME = "$(TARGET_NAME)";
				SKIP_INSTALL = YES;
				SWIFT_OPTIMIZATION_LEVEL = "-Ounchecked";
				VERSIONING_SYSTEM = "apple-generic";
				VERSION_INFO_PREFIX = "";
			};
			name = Release;
		};
		A3B2AEC1193EBFE20097B3A7 /* Debug */ = {
			isa = XCBuildConfiguration;
			buildSettings = {
				ALWAYS_SEARCH_USER_PATHS = NO;
				CLANG_CXX_LANGUAGE_STANDARD = "gnu++0x";
				CLANG_CXX_LIBRARY = "libc++";
				CLANG_ENABLE_MODULES = YES;
				CLANG_ENABLE_OBJC_ARC = YES;
				CLANG_WARN_BOOL_CONVERSION = YES;
				CLANG_WARN_CONSTANT_CONVERSION = YES;
				CLANG_WARN_DIRECT_OBJC_ISA_USAGE = YES_ERROR;
				CLANG_WARN_EMPTY_BODY = YES;
				CLANG_WARN_ENUM_CONVERSION = YES;
				CLANG_WARN_INT_CONVERSION = YES;
				CLANG_WARN_OBJC_ROOT_CLASS = YES_ERROR;
				CLANG_WARN_UNREACHABLE_CODE = YES;
				CLANG_WARN__DUPLICATE_METHOD_MATCH = YES;
				"CODE_SIGN_IDENTITY[sdk=iphoneos*]" = "iPhone Developer";
				COPY_PHASE_STRIP = NO;
				ENABLE_STRICT_OBJC_MSGSEND = YES;
				GCC_C_LANGUAGE_STANDARD = gnu99;
				GCC_DYNAMIC_NO_PIC = NO;
				GCC_OPTIMIZATION_LEVEL = 0;
				GCC_PREPROCESSOR_DEFINITIONS = (
					"DEBUG=1",
					"$(inherited)",
				);
				GCC_SYMBOLS_PRIVATE_EXTERN = NO;
				GCC_WARN_64_TO_32_BIT_CONVERSION = YES;
				GCC_WARN_ABOUT_RETURN_TYPE = YES_ERROR;
				GCC_WARN_UNDECLARED_SELECTOR = YES;
				GCC_WARN_UNINITIALIZED_AUTOS = YES_AGGRESSIVE;
				GCC_WARN_UNUSED_FUNCTION = YES;
				GCC_WARN_UNUSED_VARIABLE = YES;
				IPHONEOS_DEPLOYMENT_TARGET = 8.0;
				METAL_ENABLE_DEBUG_INFO = YES;
				ONLY_ACTIVE_ARCH = YES;
				SDKROOT = iphoneos;
				SWIFT_OPTIMIZATION_LEVEL = "-Onone";
				TARGETED_DEVICE_FAMILY = "1,2";
			};
			name = Debug;
		};
		A3B2AEC2193EBFE20097B3A7 /* Release */ = {
			isa = XCBuildConfiguration;
			buildSettings = {
				ALWAYS_SEARCH_USER_PATHS = NO;
				CLANG_CXX_LANGUAGE_STANDARD = "gnu++0x";
				CLANG_CXX_LIBRARY = "libc++";
				CLANG_ENABLE_MODULES = YES;
				CLANG_ENABLE_OBJC_ARC = YES;
				CLANG_WARN_BOOL_CONVERSION = YES;
				CLANG_WARN_CONSTANT_CONVERSION = YES;
				CLANG_WARN_DIRECT_OBJC_ISA_USAGE = YES_ERROR;
				CLANG_WARN_EMPTY_BODY = YES;
				CLANG_WARN_ENUM_CONVERSION = YES;
				CLANG_WARN_INT_CONVERSION = YES;
				CLANG_WARN_OBJC_ROOT_CLASS = YES_ERROR;
				CLANG_WARN_UNREACHABLE_CODE = YES;
				CLANG_WARN__DUPLICATE_METHOD_MATCH = YES;
				"CODE_SIGN_IDENTITY[sdk=iphoneos*]" = "iPhone Developer";
				COPY_PHASE_STRIP = YES;
				ENABLE_NS_ASSERTIONS = NO;
				ENABLE_STRICT_OBJC_MSGSEND = YES;
				GCC_C_LANGUAGE_STANDARD = gnu99;
				GCC_WARN_64_TO_32_BIT_CONVERSION = YES;
				GCC_WARN_ABOUT_RETURN_TYPE = YES_ERROR;
				GCC_WARN_UNDECLARED_SELECTOR = YES;
				GCC_WARN_UNINITIALIZED_AUTOS = YES_AGGRESSIVE;
				GCC_WARN_UNUSED_FUNCTION = YES;
				GCC_WARN_UNUSED_VARIABLE = YES;
				IPHONEOS_DEPLOYMENT_TARGET = 8.0;
				METAL_ENABLE_DEBUG_INFO = NO;
				SDKROOT = iphoneos;
				TARGETED_DEVICE_FAMILY = "1,2";
				VALIDATE_PRODUCT = YES;
			};
			name = Release;
		};
		A3B2AEC4193EBFE20097B3A7 /* Debug */ = {
			isa = XCBuildConfiguration;
			buildSettings = {
				ASSETCATALOG_COMPILER_APPICON_NAME = AppIcon;
				ASSETCATALOG_COMPILER_LAUNCHIMAGE_NAME = LaunchImage;
				CODE_SIGN_IDENTITY = "iPhone Developer";
				GCC_OPTIMIZATION_LEVEL = fast;
				INFOPLIST_FILE = "swift-engine/Game/Info.plist";
				LD_RUNPATH_SEARCH_PATHS = "$(inherited) @executable_path/Frameworks";
				LIBRARY_SEARCH_PATHS = "$(inherited)";
				PRODUCT_NAME = "$(TARGET_NAME)";
				SWIFT_INSTALL_OBJC_HEADER = YES;
				SWIFT_OBJC_BRIDGING_HEADER = "${PROJECT_DIR}/${PROJECT_NAME}/Game/Bridging-Header.h";
				SWIFT_OPTIMIZATION_LEVEL = "-Ounchecked";
			};
			name = Debug;
		};
		A3B2AEC5193EBFE20097B3A7 /* Release */ = {
			isa = XCBuildConfiguration;
			buildSettings = {
				ASSETCATALOG_COMPILER_APPICON_NAME = AppIcon;
				ASSETCATALOG_COMPILER_LAUNCHIMAGE_NAME = LaunchImage;
				CODE_SIGN_IDENTITY = "iPhone Developer";
				COPY_PHASE_STRIP = NO;
				GCC_OPTIMIZATION_LEVEL = fast;
				INFOPLIST_FILE = "swift-engine/Game/Info.plist";
				LD_RUNPATH_SEARCH_PATHS = "$(inherited) @executable_path/Frameworks";
				LIBRARY_SEARCH_PATHS = "$(inherited)";
				PRODUCT_NAME = "$(TARGET_NAME)";
				SWIFT_INSTALL_OBJC_HEADER = YES;
				SWIFT_OBJC_BRIDGING_HEADER = "${PROJECT_DIR}/${PROJECT_NAME}/Game/Bridging-Header.h";
				SWIFT_OPTIMIZATION_LEVEL = "-Ounchecked";
			};
			name = Release;
		};
/* End XCBuildConfiguration section */

/* Begin XCConfigurationList section */
		A3150563199958C7000B8842 /* Build configuration list for PBXNativeTarget "LGSwiftEngine" */ = {
			isa = XCConfigurationList;
			buildConfigurations = (
				A3150564199958C7000B8842 /* Debug */,
				A3150565199958C7000B8842 /* Release */,
			);
			defaultConfigurationIsVisible = 0;
			defaultConfigurationName = Release;
		};
		A3B2AE9E193EBFE10097B3A7 /* Build configuration list for PBXProject "swift-engine" */ = {
			isa = XCConfigurationList;
			buildConfigurations = (
				A3B2AEC1193EBFE20097B3A7 /* Debug */,
				A3B2AEC2193EBFE20097B3A7 /* Release */,
			);
			defaultConfigurationIsVisible = 0;
			defaultConfigurationName = Release;
		};
		A3B2AEC3193EBFE20097B3A7 /* Build configuration list for PBXNativeTarget "swift-engine" */ = {
			isa = XCConfigurationList;
			buildConfigurations = (
				A3B2AEC4193EBFE20097B3A7 /* Debug */,
				A3B2AEC5193EBFE20097B3A7 /* Release */,
			);
			defaultConfigurationIsVisible = 0;
			defaultConfigurationName = Release;
		};
/* End XCConfigurationList section */
	};
	rootObject = A3B2AE9B193EBFE10097B3A7 /* Project object */;
}
